
Microsoft Visual Studio Solution File, Format Version 12.00
# Visual Studio Version 16
VisualStudioVersion = 16.0.29201.188
MinimumVisualStudioVersion = 10.0.40219.1
Project("{FAE04EC0-301F-11D3-BF4B-00C04F79EFBC}") = "FIT5120App", "FIT5120App.csproj", "{7CC14B4A-7FE3-4D5A-9D5B-2D4EF29D1E82}"
EndProject
Global
	GlobalSection(SolutionConfigurationPlatforms) = preSolution
		Debug|Any CPU = Debug|Any CPU
		Release|Any CPU = Release|Any CPU
	EndGlobalSection
	GlobalSection(ProjectConfigurationPlatforms) = postSolution
		{7CC14B4A-7FE3-4D5A-9D5B-2D4EF29D1E82}.Debug|Any CPU.ActiveCfg = Debug|Any CPU
		{7CC14B4A-7FE3-4D5A-9D5B-2D4EF29D1E82}.Debug|Any CPU.Build.0 = Debug|Any CPU
		{7CC14B4A-7FE3-4D5A-9D5B-2D4EF29D1E82}.Release|Any CPU.ActiveCfg = Release|Any CPU
		{7CC14B4A-7FE3-4D5A-9D5B-2D4EF29D1E82}.Release|Any CPU.Build.0 = Release|Any CPU
	EndGlobalSection
	GlobalSection(SolutionProperties) = preSolution
		HideSolutionNode = FALSE
	EndGlobalSection
	GlobalSection(ExtensibilityGlobals) = postSolution
		SolutionGuid = {B8439F23-F215-482E-A5F1-F0DE9188D358}
	EndGlobalSection
EndGlobal
